# THIS IS AN AUTOGENERATED FILE. DO NOT EDIT THIS FILE DIRECTLY.
# yarn lockfile v1


"@types/cookie@^0.4.1":
  "integrity" "sha512-XW/Aa8APYr6jSVVA1y/DEIZX0/GMKLEVekNG727R8cs56ahETkRAy/3DR7+fJyh7oUgGwNQaRfXCun0+KbWY7Q=="
  "resolved" "https://registry.npmjs.org/@types/cookie/-/cookie-0.4.1.tgz"
  "version" "0.4.1"

"@types/node@^16.10.2":
  "integrity" "sha512-vzLe5NaNMjIE3mcddFVGlAXN1LEWueUsMsOJWaT6wWMJGyljHAWHznqfnKUQWGzu7TLPrGvWdNAsvQYW+C0xtw=="
  "resolved" "https://registry.npmjs.org/@types/node/-/node-16.18.12.tgz"
  "version" "16.18.12"

"cookie@^0.4.0":
  "integrity" "sha512-aSWTXFzaKWkvHO1Ny/s+ePFpvKsPnjc551iI41v3ny/ow6tBG5Vd+FuqGNhh1LxOmVzOlGUriIlOaokOvhaStA=="
  "resolved" "https://registry.npmjs.org/cookie/-/cookie-0.4.2.tgz"
  "version" "0.4.2"

"cookies-next@^2.1.1":
  "integrity" "sha512-AZGZPdL1hU3jCjN2UMJTGhLOYzNUN9Gm+v8BdptYIHUdwz397Et1p+sZRfvAl8pKnnmMdX2Pk9xDRKCGBum6GA=="
  "resolved" "https://registry.npmjs.org/cookies-next/-/cookies-next-2.1.1.tgz"
  "version" "2.1.1"
  dependencies:
    "@types/cookie" "^0.4.1"
    "@types/node" "^16.10.2"
    "cookie" "^0.4.0"
